
Microsoft Visual Studio Solution File, Format Version 12.00
# Visual Studio Version 16
VisualStudioVersion = 16.0.32126.315
MinimumVisualStudioVersion = 10.0.40219.1
Project("{FAE04EC0-301F-11D3-BF4B-00C04F79EFBC}") = "App1.Android", "App1\App1.Android\App1.Android.csproj", "{AE060AA6-920E-4D6B-B6EE-7BD9CDE286FC}"
EndProject
Project("{FAE04EC0-301F-11D3-BF4B-00C04F79EFBC}") = "App1", "App1\App1\App1.csproj", "{0F3AAD40-3B83-4563-98B4-04475436BE36}"
EndProject
Global
	GlobalSection(SolutionConfigurationPlatforms) = preSolution
		Debug|Any CPU = Debug|Any CPU
		Release|Any CPU = Release|Any CPU
	EndGlobalSection
	GlobalSection(ProjectConfigurationPlatforms) = postSolution
		{AE060AA6-920E-4D6B-B6EE-7BD9CDE286FC}.Debug|Any CPU.ActiveCfg = Debug|Any CPU
		{AE060AA6-920E-4D6B-B6EE-7BD9CDE286FC}.Debug|Any CPU.Build.0 = Debug|Any CPU
		{AE060AA6-920E-4D6B-B6EE-7BD9CDE286FC}.Debug|Any CPU.Deploy.0 = Debug|Any CPU
		{AE060AA6-920E-4D6B-B6EE-7BD9CDE286FC}.Release|Any CPU.ActiveCfg = Release|Any CPU
		{AE060AA6-920E-4D6B-B6EE-7BD9CDE286FC}.Release|Any CPU.Build.0 = Release|Any CPU
		{AE060AA6-920E-4D6B-B6EE-7BD9CDE286FC}.Release|Any CPU.Deploy.0 = Release|Any CPU
		{0F3AAD40-3B83-4563-98B4-04475436BE36}.Debug|Any CPU.ActiveCfg = Debug|Any CPU
		{0F3AAD40-3B83-4563-98B4-04475436BE36}.Debug|Any CPU.Build.0 = Debug|Any CPU
		{0F3AAD40-3B83-4563-98B4-04475436BE36}.Debug|Any CPU.Deploy.0 = Debug|Any CPU
		{0F3AAD40-3B83-4563-98B4-04475436BE36}.Release|Any CPU.ActiveCfg = Release|Any CPU
		{0F3AAD40-3B83-4563-98B4-04475436BE36}.Release|Any CPU.Build.0 = Release|Any CPU
		{0F3AAD40-3B83-4563-98B4-04475436BE36}.Release|Any CPU.Deploy.0 = Release|Any CPU
	EndGlobalSection
	GlobalSection(SolutionProperties) = preSolution
		HideSolutionNode = FALSE
	EndGlobalSection
	GlobalSection(ExtensibilityGlobals) = postSolution
		SolutionGuid = {69401309-4198-4ACC-8BAC-E567EA0AF85A}
	EndGlobalSection
EndGlobal
